// !$*UTF8*$!
{
	archiveVersion = 1;
	classes = {
	};
	objectVersion = 56;
	objects = {

/* Begin PBXBuildFile section */
		6812A56029F3B14100862296 /* testView.swift in Sources */ = {isa = PBXBuildFile; fileRef = 6812A55F29F3B14100862296 /* testView.swift */; };
		683D14422A63B9D80096A25B /* WishKit in Frameworks */ = {isa = PBXBuildFile; productRef = 683D14412A63B9D80096A25B /* WishKit */; };
		686F1E8C2A6AACA600A909C4 /* meals.json in Resources */ = {isa = PBXBuildFile; fileRef = 686F1E8B2A6AACA600A909C4 /* meals.json */; };
		687143B429CE8B6E00E9CB5E /* WeeklyView.swift in Sources */ = {isa = PBXBuildFile; fileRef = 687143B329CE8B6E00E9CB5E /* WeeklyView.swift */; };
		687143B629D079CE00E9CB5E /* RootView.swift in Sources */ = {isa = PBXBuildFile; fileRef = 687143B529D079CE00E9CB5E /* RootView.swift */; };
		688A4F4D2A6835AC00CDC59E /* testFunctionality.swift in Sources */ = {isa = PBXBuildFile; fileRef = 688A4F4C2A6835AC00CDC59E /* testFunctionality.swift */; };
		68A4C37E2A63B92A007FCF02 /* WishListView.swift in Sources */ = {isa = PBXBuildFile; fileRef = 68A4C37D2A63B92A007FCF02 /* WishListView.swift */; };
		68AC856629C53DB6000B3C1D /* Hungry_App.swift in Sources */ = {isa = PBXBuildFile; fileRef = 68AC856529C53DB6000B3C1D /* Hungry_App.swift */; };
		68AC856829C53DB6000B3C1D /* AddEntre.swift in Sources */ = {isa = PBXBuildFile; fileRef = 68AC856729C53DB6000B3C1D /* AddEntre.swift */; };
		68AC856A29C53DB7000B3C1D /* Assets.xcassets in Resources */ = {isa = PBXBuildFile; fileRef = 68AC856929C53DB7000B3C1D /* Assets.xcassets */; };
		68AC856D29C53DB7000B3C1D /* Preview Assets.xcassets in Resources */ = {isa = PBXBuildFile; fileRef = 68AC856C29C53DB7000B3C1D /* Preview Assets.xcassets */; };
		68AC857429C53ECA000B3C1D /* DataSource.swift in Sources */ = {isa = PBXBuildFile; fileRef = 68AC857329C53ECA000B3C1D /* DataSource.swift */; };
		68C766DD29D960C800D1F5FA /* OnboardingView.swift in Sources */ = {isa = PBXBuildFile; fileRef = 68C766DC29D960C800D1F5FA /* OnboardingView.swift */; };
		68C766DF29D9634A00D1F5FA /* OnboardingPageView.swift in Sources */ = {isa = PBXBuildFile; fileRef = 68C766DE29D9634A00D1F5FA /* OnboardingPageView.swift */; };
		68F8CF4229CE40A100E256B6 /* EditEntre.swift in Sources */ = {isa = PBXBuildFile; fileRef = 68F8CF4129CE40A100E256B6 /* EditEntre.swift */; };
/* End PBXBuildFile section */

/* Begin PBXCopyFilesBuildPhase section */
		689ECE182A63FF1600701B6C /* Embed Foundation Extensions */ = {
			isa = PBXCopyFilesBuildPhase;
			buildActionMask = 2147483647;
			dstPath = "";
			dstSubfolderSpec = 13;
			files = (
			);
			name = "Embed Foundation Extensions";
			runOnlyForDeploymentPostprocessing = 0;
		};
/* End PBXCopyFilesBuildPhase section */

/* Begin PBXFileReference section */
		6812A55F29F3B14100862296 /* testView.swift */ = {isa = PBXFileReference; lastKnownFileType = sourcecode.swift; path = testView.swift; sourceTree = "<group>"; };
		686F1E8B2A6AACA600A909C4 /* meals.json */ = {isa = PBXFileReference; fileEncoding = 4; lastKnownFileType = text.json; path = meals.json; sourceTree = "<group>"; };
		687143B329CE8B6E00E9CB5E /* WeeklyView.swift */ = {isa = PBXFileReference; lastKnownFileType = sourcecode.swift; path = WeeklyView.swift; sourceTree = "<group>"; };
		687143B529D079CE00E9CB5E /* RootView.swift */ = {isa = PBXFileReference; lastKnownFileType = sourcecode.swift; path = RootView.swift; sourceTree = "<group>"; };
		688A4F4C2A6835AC00CDC59E /* testFunctionality.swift */ = {isa = PBXFileReference; lastKnownFileType = sourcecode.swift; name = testFunctionality.swift; path = "Hungry?/testFunctionality.swift"; sourceTree = SOURCE_ROOT; };
		689ECE042A63FF1400701B6C /* WidgetKit.framework */ = {isa = PBXFileReference; lastKnownFileType = wrapper.framework; name = WidgetKit.framework; path = System/Library/Frameworks/WidgetKit.framework; sourceTree = SDKROOT; };
		689ECE062A63FF1400701B6C /* SwiftUI.framework */ = {isa = PBXFileReference; lastKnownFileType = wrapper.framework; name = SwiftUI.framework; path = System/Library/Frameworks/SwiftUI.framework; sourceTree = SDKROOT; };
		68A4C37B2A63B8FF007FCF02 /* wishkit-ios-shared */ = {isa = PBXFileReference; lastKnownFileType = wrapper; name = "wishkit-ios-shared"; path = "../../../../../Library/Developer/Xcode/DerivedData/AFSpaceA-bunmnirbnbvmefhlbkrzgvrnpvtz/SourcePackages/checkouts/wishkit-ios-shared"; sourceTree = "<group>"; };
		68A4C37C2A63B8FF007FCF02 /* wishkit-ios */ = {isa = PBXFileReference; lastKnownFileType = wrapper; name = "wishkit-ios"; path = "../../../../../Library/Developer/Xcode/DerivedData/AFSpaceA-bunmnirbnbvmefhlbkrzgvrnpvtz/SourcePackages/checkouts/wishkit-ios"; sourceTree = "<group>"; };
		68A4C37D2A63B92A007FCF02 /* WishListView.swift */ = {isa = PBXFileReference; fileEncoding = 4; lastKnownFileType = sourcecode.swift; name = WishListView.swift; path = ../../../AFSpaceA/AFSpaceA/View/WishListView.swift; sourceTree = "<group>"; };
		68AC856229C53DB6000B3C1D /* Hungry?.app */ = {isa = PBXFileReference; explicitFileType = wrapper.application; includeInIndex = 0; path = "Hungry?.app"; sourceTree = BUILT_PRODUCTS_DIR; };
		68AC856529C53DB6000B3C1D /* Hungry_App.swift */ = {isa = PBXFileReference; lastKnownFileType = sourcecode.swift; path = Hungry_App.swift; sourceTree = "<group>"; };
		68AC856729C53DB6000B3C1D /* AddEntre.swift */ = {isa = PBXFileReference; lastKnownFileType = sourcecode.swift; path = AddEntre.swift; sourceTree = "<group>"; };
		68AC856929C53DB7000B3C1D /* Assets.xcassets */ = {isa = PBXFileReference; lastKnownFileType = folder.assetcatalog; path = Assets.xcassets; sourceTree = "<group>"; };
		68AC856C29C53DB7000B3C1D /* Preview Assets.xcassets */ = {isa = PBXFileReference; lastKnownFileType = folder.assetcatalog; path = "Preview Assets.xcassets"; sourceTree = "<group>"; };
		68AC857329C53ECA000B3C1D /* DataSource.swift */ = {isa = PBXFileReference; lastKnownFileType = sourcecode.swift; path = DataSource.swift; sourceTree = "<group>"; };
		68C766DC29D960C800D1F5FA /* OnboardingView.swift */ = {isa = PBXFileReference; lastKnownFileType = sourcecode.swift; path = OnboardingView.swift; sourceTree = "<group>"; };
		68C766DE29D9634A00D1F5FA /* OnboardingPageView.swift */ = {isa = PBXFileReference; lastKnownFileType = sourcecode.swift; path = OnboardingPageView.swift; sourceTree = "<group>"; };
		68F8CF4129CE40A100E256B6 /* EditEntre.swift */ = {isa = PBXFileReference; lastKnownFileType = sourcecode.swift; path = EditEntre.swift; sourceTree = "<group>"; };
/* End PBXFileReference section */

/* Begin PBXFrameworksBuildPhase section */
		68AC855F29C53DB6000B3C1D /* Frameworks */ = {
			isa = PBXFrameworksBuildPhase;
			buildActionMask = 2147483647;
			files = (
				683D14422A63B9D80096A25B /* WishKit in Frameworks */,
			);
			runOnlyForDeploymentPostprocessing = 0;
		};
/* End PBXFrameworksBuildPhase section */

/* Begin PBXGroup section */
		689ECE032A63FF1400701B6C /* Frameworks */ = {
			isa = PBXGroup;
			children = (
				689ECE042A63FF1400701B6C /* WidgetKit.framework */,
				689ECE062A63FF1400701B6C /* SwiftUI.framework */,
			);
			name = Frameworks;
			sourceTree = "<group>";
		};
		68AC855929C53DB6000B3C1D = {
			isa = PBXGroup;
			children = (
				68AC856529C53DB6000B3C1D /* Hungry_App.swift */,
				68AC856429C53DB6000B3C1D /* Hungry? */,
				689ECE032A63FF1400701B6C /* Frameworks */,
				68AC856329C53DB6000B3C1D /* Products */,
			);
			sourceTree = "<group>";
		};
		68AC856329C53DB6000B3C1D /* Products */ = {
			isa = PBXGroup;
			children = (
				68AC856229C53DB6000B3C1D /* Hungry?.app */,
			);
			name = Products;
			sourceTree = "<group>";
		};
		68AC856429C53DB6000B3C1D /* Hungry? */ = {
			isa = PBXGroup;
			children = (
				68C766DA29D7A9C200D1F5FA /* Model */,
				68C766D929D7A9BC00D1F5FA /* ViewModel */,
				68C766D829D7A9B600D1F5FA /* View */,
				68AC856929C53DB7000B3C1D /* Assets.xcassets */,
				68AC856B29C53DB7000B3C1D /* Preview Content */,
			);
			path = "Hungry?";
			sourceTree = "<group>";
		};
		68AC856B29C53DB7000B3C1D /* Preview Content */ = {
			isa = PBXGroup;
			children = (
				68AC856C29C53DB7000B3C1D /* Preview Assets.xcassets */,
				68A4C37C2A63B8FF007FCF02 /* wishkit-ios */,
				68A4C37B2A63B8FF007FCF02 /* wishkit-ios-shared */,
			);
			path = "Preview Content";
			sourceTree = "<group>";
		};
		68C766D829D7A9B600D1F5FA /* View */ = {
			isa = PBXGroup;
			children = (
				68A4C37D2A63B92A007FCF02 /* WishListView.swift */,
				68C766DB29D960BC00D1F5FA /* Onboarding */,
				687143B529D079CE00E9CB5E /* RootView.swift */,
				68AC856729C53DB6000B3C1D /* AddEntre.swift */,
				688A4F4C2A6835AC00CDC59E /* testFunctionality.swift */,
				687143B329CE8B6E00E9CB5E /* WeeklyView.swift */,
				68F8CF4129CE40A100E256B6 /* EditEntre.swift */,
				6812A55F29F3B14100862296 /* testView.swift */,
				686F1E8B2A6AACA600A909C4 /* meals.json */,
			);
			path = View;
			sourceTree = "<group>";
		};
		68C766D929D7A9BC00D1F5FA /* ViewModel */ = {
			isa = PBXGroup;
			children = (
				68AC857329C53ECA000B3C1D /* DataSource.swift */,
			);
			path = ViewModel;
			sourceTree = "<group>";
		};
		68C766DA29D7A9C200D1F5FA /* Model */ = {
			isa = PBXGroup;
			children = (
			);
			path = Model;
			sourceTree = "<group>";
		};
		68C766DB29D960BC00D1F5FA /* Onboarding */ = {
			isa = PBXGroup;
			children = (
				68C766DC29D960C800D1F5FA /* OnboardingView.swift */,
				68C766DE29D9634A00D1F5FA /* OnboardingPageView.swift */,
			);
			path = Onboarding;
			sourceTree = "<group>";
		};
/* End PBXGroup section */

/* Begin PBXNativeTarget section */
		68AC856129C53DB6000B3C1D /* Hungry? */ = {
			isa = PBXNativeTarget;
			buildConfigurationList = 68AC857029C53DB7000B3C1D /* Build configuration list for PBXNativeTarget "Hungry?" */;
			buildPhases = (
				68AC855E29C53DB6000B3C1D /* Sources */,
				68AC855F29C53DB6000B3C1D /* Frameworks */,
				68AC856029C53DB6000B3C1D /* Resources */,
				689ECE182A63FF1600701B6C /* Embed Foundation Extensions */,
			);
			buildRules = (
			);
			dependencies = (
			);
			name = "Hungry?";
			packageProductDependencies = (
				683D14412A63B9D80096A25B /* WishKit */,
			);
			productName = "Hungry?";
			productReference = 68AC856229C53DB6000B3C1D /* Hungry?.app */;
			productType = "com.apple.product-type.application";
		};
/* End PBXNativeTarget section */

/* Begin PBXProject section */
		68AC855A29C53DB6000B3C1D /* Project object */ = {
			isa = PBXProject;
			attributes = {
				BuildIndependentTargetsInParallel = 1;
				LastSwiftUpdateCheck = 1500;
				LastUpgradeCheck = 1500;
				TargetAttributes = {
					68AC856129C53DB6000B3C1D = {
						CreatedOnToolsVersion = 14.3;
					};
				};
			};
			buildConfigurationList = 68AC855D29C53DB6000B3C1D /* Build configuration list for PBXProject "Hungry?" */;
			compatibilityVersion = "Xcode 14.0";
			developmentRegion = en;
			hasScannedForEncodings = 0;
			knownRegions = (
				en,
				Base,
			);
			mainGroup = 68AC855929C53DB6000B3C1D;
			packageReferences = (
				683D14402A63B9D80096A25B /* XCRemoteSwiftPackageReference "wishkit-ios" */,
			);
			productRefGroup = 68AC856329C53DB6000B3C1D /* Products */;
			projectDirPath = "";
			projectRoot = "";
			targets = (
				68AC856129C53DB6000B3C1D /* Hungry? */,
			);
		};
/* End PBXProject section */

/* Begin PBXResourcesBuildPhase section */
		68AC856029C53DB6000B3C1D /* Resources */ = {
			isa = PBXResourcesBuildPhase;
			buildActionMask = 2147483647;
			files = (
				68AC856D29C53DB7000B3C1D /* Preview Assets.xcassets in Resources */,
				686F1E8C2A6AACA600A909C4 /* meals.json in Resources */,
				68AC856A29C53DB7000B3C1D /* Assets.xcassets in Resources */,
			);
			runOnlyForDeploymentPostprocessing = 0;
		};
/* End PBXResourcesBuildPhase section */

/* Begin PBXSourcesBuildPhase section */
		68AC855E29C53DB6000B3C1D /* Sources */ = {
			isa = PBXSourcesBuildPhase;
			buildActionMask = 2147483647;
			files = (
				68AC857429C53ECA000B3C1D /* DataSource.swift in Sources */,
				68C766DF29D9634A00D1F5FA /* OnboardingPageView.swift in Sources */,
				68F8CF4229CE40A100E256B6 /* EditEntre.swift in Sources */,
				68AC856829C53DB6000B3C1D /* AddEntre.swift in Sources */,
				688A4F4D2A6835AC00CDC59E /* testFunctionality.swift in Sources */,
				687143B629D079CE00E9CB5E /* RootView.swift in Sources */,
				68A4C37E2A63B92A007FCF02 /* WishListView.swift in Sources */,
				6812A56029F3B14100862296 /* testView.swift in Sources */,
				68C766DD29D960C800D1F5FA /* OnboardingView.swift in Sources */,
				68AC856629C53DB6000B3C1D /* Hungry_App.swift in Sources */,
				687143B429CE8B6E00E9CB5E /* WeeklyView.swift in Sources */,
			);
			runOnlyForDeploymentPostprocessing = 0;
		};
/* End PBXSourcesBuildPhase section */

/* Begin XCBuildConfiguration section */
		68AC856E29C53DB7000B3C1D /* Debug */ = {
			isa = XCBuildConfiguration;
			buildSettings = {
				ALWAYS_SEARCH_USER_PATHS = NO;
				CLANG_ANALYZER_NONNULL = YES;
				CLANG_ANALYZER_NUMBER_OBJECT_CONVERSION = YES_AGGRESSIVE;
				CLANG_CXX_LANGUAGE_STANDARD = "gnu++20";
				CLANG_ENABLE_MODULES = YES;
				CLANG_ENABLE_OBJC_ARC = YES;
				CLANG_ENABLE_OBJC_WEAK = YES;
				CLANG_WARN_BLOCK_CAPTURE_AUTORELEASING = YES;
				CLANG_WARN_BOOL_CONVERSION = YES;
				CLANG_WARN_COMMA = YES;
				CLANG_WARN_CONSTANT_CONVERSION = YES;
				CLANG_WARN_DEPRECATED_OBJC_IMPLEMENTATIONS = YES;
				CLANG_WARN_DIRECT_OBJC_ISA_USAGE = YES_ERROR;
				CLANG_WARN_DOCUMENTATION_COMMENTS = YES;
				CLANG_WARN_EMPTY_BODY = YES;
				CLANG_WARN_ENUM_CONVERSION = YES;
				CLANG_WARN_INFINITE_RECURSION = YES;
				CLANG_WARN_INT_CONVERSION = YES;
				CLANG_WARN_NON_LITERAL_NULL_CONVERSION = YES;
				CLANG_WARN_OBJC_IMPLICIT_RETAIN_SELF = YES;
				CLANG_WARN_OBJC_LITERAL_CONVERSION = YES;
				CLANG_WARN_OBJC_ROOT_CLASS = YES_ERROR;
				CLANG_WARN_QUOTED_INCLUDE_IN_FRAMEWORK_HEADER = YES;
				CLANG_WARN_RANGE_LOOP_ANALYSIS = YES;
				CLANG_WARN_STRICT_PROTOTYPES = YES;
				CLANG_WARN_SUSPICIOUS_MOVE = YES;
				CLANG_WARN_UNGUARDED_AVAILABILITY = YES_AGGRESSIVE;
				CLANG_WARN_UNREACHABLE_CODE = YES;
				CLANG_WARN__DUPLICATE_METHOD_MATCH = YES;
				COPY_PHASE_STRIP = NO;
				DEBUG_INFORMATION_FORMAT = dwarf;
				ENABLE_STRICT_OBJC_MSGSEND = YES;
				ENABLE_TESTABILITY = YES;
				ENABLE_USER_SCRIPT_SANDBOXING = YES;
				GCC_C_LANGUAGE_STANDARD = gnu11;
				GCC_DYNAMIC_NO_PIC = NO;
				GCC_NO_COMMON_BLOCKS = YES;
				GCC_OPTIMIZATION_LEVEL = 0;
				GCC_PREPROCESSOR_DEFINITIONS = (
					"DEBUG=1",
					"$(inherited)",
				);
				GCC_WARN_64_TO_32_BIT_CONVERSION = YES;
				GCC_WARN_ABOUT_RETURN_TYPE = YES_ERROR;
				GCC_WARN_UNDECLARED_SELECTOR = YES;
				GCC_WARN_UNINITIALIZED_AUTOS = YES_AGGRESSIVE;
				GCC_WARN_UNUSED_FUNCTION = YES;
				GCC_WARN_UNUSED_VARIABLE = YES;
				IPHONEOS_DEPLOYMENT_TARGET = 16.4;
				MTL_ENABLE_DEBUG_INFO = INCLUDE_SOURCE;
				MTL_FAST_MATH = YES;
				ONLY_ACTIVE_ARCH = YES;
				SDKROOT = iphoneos;
				SWIFT_ACTIVE_COMPILATION_CONDITIONS = DEBUG;
				SWIFT_OPTIMIZATION_LEVEL = "-Onone";
			};
			name = Debug;
		};
		68AC856F29C53DB7000B3C1D /* Release */ = {
			isa = XCBuildConfiguration;
			buildSettings = {
				ALWAYS_SEARCH_USER_PATHS = NO;
				CLANG_ANALYZER_NONNULL = YES;
				CLANG_ANALYZER_NUMBER_OBJECT_CONVERSION = YES_AGGRESSIVE;
				CLANG_CXX_LANGUAGE_STANDARD = "gnu++20";
				CLANG_ENABLE_MODULES = YES;
				CLANG_ENABLE_OBJC_ARC = YES;
				CLANG_ENABLE_OBJC_WEAK = YES;
				CLANG_WARN_BLOCK_CAPTURE_AUTORELEASING = YES;
				CLANG_WARN_BOOL_CONVERSION = YES;
				CLANG_WARN_COMMA = YES;
				CLANG_WARN_CONSTANT_CONVERSION = YES;
				CLANG_WARN_DEPRECATED_OBJC_IMPLEMENTATIONS = YES;
				CLANG_WARN_DIRECT_OBJC_ISA_USAGE = YES_ERROR;
				CLANG_WARN_DOCUMENTATION_COMMENTS = YES;
				CLANG_WARN_EMPTY_BODY = YES;
				CLANG_WARN_ENUM_CONVERSION = YES;
				CLANG_WARN_INFINITE_RECURSION = YES;
				CLANG_WARN_INT_CONVERSION = YES;
				CLANG_WARN_NON_LITERAL_NULL_CONVERSION = YES;
				CLANG_WARN_OBJC_IMPLICIT_RETAIN_SELF = YES;
				CLANG_WARN_OBJC_LITERAL_CONVERSION = YES;
				CLANG_WARN_OBJC_ROOT_CLASS = YES_ERROR;
				CLANG_WARN_QUOTED_INCLUDE_IN_FRAMEWORK_HEADER = YES;
				CLANG_WARN_RANGE_LOOP_ANALYSIS = YES;
				CLANG_WARN_STRICT_PROTOTYPES = YES;
				CLANG_WARN_SUSPICIOUS_MOVE = YES;
				CLANG_WARN_UNGUARDED_AVAILABILITY = YES_AGGRESSIVE;
				CLANG_WARN_UNREACHABLE_CODE = YES;
				CLANG_WARN__DUPLICATE_METHOD_MATCH = YES;
				COPY_PHASE_STRIP = NO;
				DEBUG_INFORMATION_FORMAT = "dwarf-with-dsym";
				ENABLE_NS_ASSERTIONS = NO;
				ENABLE_STRICT_OBJC_MSGSEND = YES;
				ENABLE_USER_SCRIPT_SANDBOXING = YES;
				GCC_C_LANGUAGE_STANDARD = gnu11;
				GCC_NO_COMMON_BLOCKS = YES;
				GCC_WARN_64_TO_32_BIT_CONVERSION = YES;
				GCC_WARN_ABOUT_RETURN_TYPE = YES_ERROR;
				GCC_WARN_UNDECLARED_SELECTOR = YES;
				GCC_WARN_UNINITIALIZED_AUTOS = YES_AGGRESSIVE;
				GCC_WARN_UNUSED_FUNCTION = YES;
				GCC_WARN_UNUSED_VARIABLE = YES;
				IPHONEOS_DEPLOYMENT_TARGET = 16.4;
				MTL_ENABLE_DEBUG_INFO = NO;
				MTL_FAST_MATH = YES;
				SDKROOT = iphoneos;
				SWIFT_COMPILATION_MODE = wholemodule;
				SWIFT_OPTIMIZATION_LEVEL = "-O";
				VALIDATE_PRODUCT = YES;
			};
			name = Release;
		};
		68AC857129C53DB7000B3C1D /* Debug */ = {
			isa = XCBuildConfiguration;
			buildSettings = {
				ASSETCATALOG_COMPILER_APPICON_NAME = AppIcon;
				ASSETCATALOG_COMPILER_GLOBAL_ACCENT_COLOR_NAME = AccentColor;
				CODE_SIGN_STYLE = Automatic;
				CURRENT_PROJECT_VERSION = 1;
				DEVELOPMENT_ASSET_PATHS = "\"Hungry?/Preview Content\"";
				DEVELOPMENT_TEAM = TDBL5DL56U;
				ENABLE_PREVIEWS = YES;
				GENERATE_INFOPLIST_FILE = YES;
				INFOPLIST_KEY_CFBundleDisplayName = PlanMeals;
				INFOPLIST_KEY_LSApplicationCategoryType = "public.app-category.food-and-drink";
				INFOPLIST_KEY_UIApplicationSceneManifest_Generation = YES;
				INFOPLIST_KEY_UIApplicationSupportsIndirectInputEvents = YES;
				INFOPLIST_KEY_UILaunchScreen_Generation = YES;
				INFOPLIST_KEY_UISupportedInterfaceOrientations_iPad = "UIInterfaceOrientationPortrait UIInterfaceOrientationPortraitUpsideDown UIInterfaceOrientationLandscapeLeft UIInterfaceOrientationLandscapeRight";
				INFOPLIST_KEY_UISupportedInterfaceOrientations_iPhone = "UIInterfaceOrientationPortrait UIInterfaceOrientationLandscapeLeft UIInterfaceOrientationLandscapeRight";
				IPHONEOS_DEPLOYMENT_TARGET = 16.0;
				LD_RUNPATH_SEARCH_PATHS = (
					"$(inherited)",
					"@executable_path/Frameworks",
				);
				MARKETING_VERSION = 1.0;
				PRODUCT_BUNDLE_IDENTIFIER = "com.ebaursolutions.Hungry-";
				PRODUCT_NAME = "$(TARGET_NAME)";
				SWIFT_EMIT_LOC_STRINGS = YES;
				SWIFT_VERSION = 5.0;
				TARGETED_DEVICE_FAMILY = "1,2";
			};
			name = Debug;
		};
		68AC857229C53DB7000B3C1D /* Release */ = {
			isa = XCBuildConfiguration;
			buildSettings = {
				ASSETCATALOG_COMPILER_APPICON_NAME = AppIcon;
				ASSETCATALOG_COMPILER_GLOBAL_ACCENT_COLOR_NAME = AccentColor;
				CODE_SIGN_STYLE = Automatic;
				CURRENT_PROJECT_VERSION = 1;
				DEVELOPMENT_ASSET_PATHS = "\"Hungry?/Preview Content\"";
				DEVELOPMENT_TEAM = TDBL5DL56U;
				ENABLE_PREVIEWS = YES;
				GENERATE_INFOPLIST_FILE = YES;
				INFOPLIST_KEY_CFBundleDisplayName = PlanMeals;
				INFOPLIST_KEY_LSApplicationCategoryType = "public.app-category.food-and-drink";
				INFOPLIST_KEY_UIApplicationSceneManifest_Generation = YES;
				INFOPLIST_KEY_UIApplicationSupportsIndirectInputEvents = YES;
				INFOPLIST_KEY_UILaunchScreen_Generation = YES;
				INFOPLIST_KEY_UISupportedInterfaceOrientations_iPad = "UIInterfaceOrientationPortrait UIInterfaceOrientationPortraitUpsideDown UIInterfaceOrientationLandscapeLeft UIInterfaceOrientationLandscapeRight";
				INFOPLIST_KEY_UISupportedInterfaceOrientations_iPhone = "UIInterfaceOrientationPortrait UIInterfaceOrientationLandscapeLeft UIInterfaceOrientationLandscapeRight";
				IPHONEOS_DEPLOYMENT_TARGET = 16.0;
				LD_RUNPATH_SEARCH_PATHS = (
					"$(inherited)",
					"@executable_path/Frameworks",
				);
				MARKETING_VERSION = 1.0;
				PRODUCT_BUNDLE_IDENTIFIER = "com.ebaursolutions.Hungry-";
				PRODUCT_NAME = "$(TARGET_NAME)";
				SWIFT_EMIT_LOC_STRINGS = YES;
				SWIFT_VERSION = 5.0;
				TARGETED_DEVICE_FAMILY = "1,2";
			};
			name = Release;
		};
/* End XCBuildConfiguration section */

/* Begin XCConfigurationList section */
		68AC855D29C53DB6000B3C1D /* Build configuration list for PBXProject "Hungry?" */ = {
			isa = XCConfigurationList;
			buildConfigurations = (
				68AC856E29C53DB7000B3C1D /* Debug */,
				68AC856F29C53DB7000B3C1D /* Release */,
			);
			defaultConfigurationIsVisible = 0;
			defaultConfigurationName = Release;
		};
		68AC857029C53DB7000B3C1D /* Build configuration list for PBXNativeTarget "Hungry?" */ = {
			isa = XCConfigurationList;
			buildConfigurations = (
				68AC857129C53DB7000B3C1D /* Debug */,
				68AC857229C53DB7000B3C1D /* Release */,
			);
			defaultConfigurationIsVisible = 0;
			defaultConfigurationName = Release;
		};
/* End XCConfigurationList section */

/* Begin XCRemoteSwiftPackageReference section */
		683D14402A63B9D80096A25B /* XCRemoteSwiftPackageReference "wishkit-ios" */ = {
			isa = XCRemoteSwiftPackageReference;
			repositoryURL = "https://github.com/wishkit/wishkit-ios.git";
			requirement = {
				kind = upToNextMajorVersion;
				minimumVersion = 3.2.4;
			};
		};
/* End XCRemoteSwiftPackageReference section */

/* Begin XCSwiftPackageProductDependency section */
		683D14412A63B9D80096A25B /* WishKit */ = {
			isa = XCSwiftPackageProductDependency;
			package = 683D14402A63B9D80096A25B /* XCRemoteSwiftPackageReference "wishkit-ios" */;
			productName = WishKit;
		};
/* End XCSwiftPackageProductDependency section */
	};
	rootObject = 68AC855A29C53DB6000B3C1D /* Project object */;
}
